// !$*UTF8*$!
{
	archiveVersion = 1;
	classes = {
	};
	objectVersion = 56;
	objects = {

/* Begin PBXBuildFile section */
		71B785232BB7FE3D003B4282 /* AppDelegate.swift in Sources */ = {isa = PBXBuildFile; fileRef = 71B785222BB7FE3D003B4282 /* AppDelegate.swift */; };
		71B785252BB7FE3D003B4282 /* SceneDelegate.swift in Sources */ = {isa = PBXBuildFile; fileRef = 71B785242BB7FE3D003B4282 /* SceneDelegate.swift */; };
		71B785272BB7FE3D003B4282 /* ViewController.swift in Sources */ = {isa = PBXBuildFile; fileRef = 71B785262BB7FE3D003B4282 /* ViewController.swift */; };
		71B7852A2BB7FE3E003B4282 /* Main.storyboard in Resources */ = {isa = PBXBuildFile; fileRef = 71B785282BB7FE3E003B4282 /* Main.storyboard */; };
		71B7852D2BB7FE3E003B4282 /* Storage.xcdatamodeld in Sources */ = {isa = PBXBuildFile; fileRef = 71B7852B2BB7FE3E003B4282 /* Storage.xcdatamodeld */; };
		71B7852F2BB7FE3F003B4282 /* Assets.xcassets in Resources */ = {isa = PBXBuildFile; fileRef = 71B7852E2BB7FE3F003B4282 /* Assets.xcassets */; };
		71B785322BB7FE3F003B4282 /* LaunchScreen.storyboard in Resources */ = {isa = PBXBuildFile; fileRef = 71B785302BB7FE3F003B4282 /* LaunchScreen.storyboard */; };
		71B7853B2BB804B1003B4282 /* KeychainAccess in Frameworks */ = {isa = PBXBuildFile; productRef = 71B7853A2BB804B1003B4282 /* KeychainAccess */; };
		71B785612BB80A00003B4282 /* CookListViewController.swift in Sources */ = {isa = PBXBuildFile; fileRef = 71B785602BB80A00003B4282 /* CookListViewController.swift */; };
		71B785632BB80A11003B4282 /* CookCreateViewController.swift in Sources */ = {isa = PBXBuildFile; fileRef = 71B785622BB80A11003B4282 /* CookCreateViewController.swift */; };
		71B785662BB82077003B4282 /* ReservationViewController.swift in Sources */ = {isa = PBXBuildFile; fileRef = 71B785652BB82077003B4282 /* ReservationViewController.swift */; };
		71B785692BB82127003B4282 /* ReservationInsertCell.swift in Sources */ = {isa = PBXBuildFile; fileRef = 71B785672BB82127003B4282 /* ReservationInsertCell.swift */; };
		71B7856A2BB82127003B4282 /* ReservationInsertCell.xib in Resources */ = {isa = PBXBuildFile; fileRef = 71B785682BB82127003B4282 /* ReservationInsertCell.xib */; };
		FB3B51EA2BC0240100206220 /* CookTableViewCell.swift in Sources */ = {isa = PBXBuildFile; fileRef = FB3B51E92BC0240100206220 /* CookTableViewCell.swift */; };
/* End PBXBuildFile section */

/* Begin PBXFileReference section */
		71B7851F2BB7FE3D003B4282 /* Storage.app */ = {isa = PBXFileReference; explicitFileType = wrapper.application; includeInIndex = 0; path = Storage.app; sourceTree = BUILT_PRODUCTS_DIR; };
		71B785222BB7FE3D003B4282 /* AppDelegate.swift */ = {isa = PBXFileReference; lastKnownFileType = sourcecode.swift; path = AppDelegate.swift; sourceTree = "<group>"; };
		71B785242BB7FE3D003B4282 /* SceneDelegate.swift */ = {isa = PBXFileReference; lastKnownFileType = sourcecode.swift; path = SceneDelegate.swift; sourceTree = "<group>"; };
		71B785262BB7FE3D003B4282 /* ViewController.swift */ = {isa = PBXFileReference; lastKnownFileType = sourcecode.swift; path = ViewController.swift; sourceTree = "<group>"; };
		71B785292BB7FE3E003B4282 /* Base */ = {isa = PBXFileReference; lastKnownFileType = file.storyboard; name = Base; path = Base.lproj/Main.storyboard; sourceTree = "<group>"; };
		71B7852C2BB7FE3E003B4282 /* Storage.xcdatamodel */ = {isa = PBXFileReference; lastKnownFileType = wrapper.xcdatamodel; path = Storage.xcdatamodel; sourceTree = "<group>"; };
		71B7852E2BB7FE3F003B4282 /* Assets.xcassets */ = {isa = PBXFileReference; lastKnownFileType = folder.assetcatalog; path = Assets.xcassets; sourceTree = "<group>"; };
		71B785312BB7FE3F003B4282 /* Base */ = {isa = PBXFileReference; lastKnownFileType = file.storyboard; name = Base; path = Base.lproj/LaunchScreen.storyboard; sourceTree = "<group>"; };
		71B785332BB7FE3F003B4282 /* Info.plist */ = {isa = PBXFileReference; lastKnownFileType = text.plist.xml; path = Info.plist; sourceTree = "<group>"; };
		71B785602BB80A00003B4282 /* CookListViewController.swift */ = {isa = PBXFileReference; lastKnownFileType = sourcecode.swift; path = CookListViewController.swift; sourceTree = "<group>"; };
		71B785622BB80A11003B4282 /* CookCreateViewController.swift */ = {isa = PBXFileReference; lastKnownFileType = sourcecode.swift; path = CookCreateViewController.swift; sourceTree = "<group>"; };
		71B785652BB82077003B4282 /* ReservationViewController.swift */ = {isa = PBXFileReference; lastKnownFileType = sourcecode.swift; path = ReservationViewController.swift; sourceTree = "<group>"; };
		71B785672BB82127003B4282 /* ReservationInsertCell.swift */ = {isa = PBXFileReference; lastKnownFileType = sourcecode.swift; path = ReservationInsertCell.swift; sourceTree = "<group>"; };
		71B785682BB82127003B4282 /* ReservationInsertCell.xib */ = {isa = PBXFileReference; lastKnownFileType = file.xib; path = ReservationInsertCell.xib; sourceTree = "<group>"; };
		FB3B51E92BC0240100206220 /* CookTableViewCell.swift */ = {isa = PBXFileReference; lastKnownFileType = sourcecode.swift; path = CookTableViewCell.swift; sourceTree = "<group>"; };
/* End PBXFileReference section */

/* Begin PBXFrameworksBuildPhase section */
		71B7851C2BB7FE3D003B4282 /* Frameworks */ = {
			isa = PBXFrameworksBuildPhase;
			buildActionMask = 2147483647;
			files = (
				71B7853B2BB804B1003B4282 /* KeychainAccess in Frameworks */,
			);
			runOnlyForDeploymentPostprocessing = 0;
		};
/* End PBXFrameworksBuildPhase section */

/* Begin PBXGroup section */
		71B785162BB7FE3D003B4282 = {
			isa = PBXGroup;
			children = (
				71B785212BB7FE3D003B4282 /* Storage */,
				71B785202BB7FE3D003B4282 /* Products */,
			);
			sourceTree = "<group>";
		};
		71B785202BB7FE3D003B4282 /* Products */ = {
			isa = PBXGroup;
			children = (
				71B7851F2BB7FE3D003B4282 /* Storage.app */,
			);
			name = Products;
			sourceTree = "<group>";
		};
		71B785212BB7FE3D003B4282 /* Storage */ = {
			isa = PBXGroup;
			children = (
				71B785642BB81FBA003B4282 /* ReservationInsertCell */,
				71B7853C2BB80702003B4282 /* CoreData */,
				71B785222BB7FE3D003B4282 /* AppDelegate.swift */,
				71B785242BB7FE3D003B4282 /* SceneDelegate.swift */,
				71B785262BB7FE3D003B4282 /* ViewController.swift */,
				71B785652BB82077003B4282 /* ReservationViewController.swift */,
				71B785282BB7FE3E003B4282 /* Main.storyboard */,
				71B7852E2BB7FE3F003B4282 /* Assets.xcassets */,
				71B785302BB7FE3F003B4282 /* LaunchScreen.storyboard */,
				71B785332BB7FE3F003B4282 /* Info.plist */,
				71B7852B2BB7FE3E003B4282 /* Storage.xcdatamodeld */,
			);
			path = Storage;
			sourceTree = "<group>";
		};
		71B7853C2BB80702003B4282 /* CoreData */ = {
			isa = PBXGroup;
			children = (
				71B785602BB80A00003B4282 /* CookListViewController.swift */,
				71B785622BB80A11003B4282 /* CookCreateViewController.swift */,
				FB3B51E92BC0240100206220 /* CookTableViewCell.swift */,
			);
			path = CoreData;
			sourceTree = "<group>";
		};
		71B785642BB81FBA003B4282 /* ReservationInsertCell */ = {
			isa = PBXGroup;
			children = (
				71B785672BB82127003B4282 /* ReservationInsertCell.swift */,
				71B785682BB82127003B4282 /* ReservationInsertCell.xib */,
			);
			path = ReservationInsertCell;
			sourceTree = "<group>";
		};
/* End PBXGroup section */

/* Begin PBXNativeTarget section */
		71B7851E2BB7FE3D003B4282 /* Storage */ = {
			isa = PBXNativeTarget;
			buildConfigurationList = 71B785362BB7FE3F003B4282 /* Build configuration list for PBXNativeTarget "Storage" */;
			buildPhases = (
				71B7851B2BB7FE3D003B4282 /* Sources */,
				71B7851C2BB7FE3D003B4282 /* Frameworks */,
				71B7851D2BB7FE3D003B4282 /* Resources */,
			);
			buildRules = (
			);
			dependencies = (
			);
			name = Storage;
			packageProductDependencies = (
				71B7853A2BB804B1003B4282 /* KeychainAccess */,
			);
			productName = Storage;
			productReference = 71B7851F2BB7FE3D003B4282 /* Storage.app */;
			productType = "com.apple.product-type.application";
		};
/* End PBXNativeTarget section */

/* Begin PBXProject section */
		71B785172BB7FE3D003B4282 /* Project object */ = {
			isa = PBXProject;
			attributes = {
				BuildIndependentTargetsInParallel = 1;
				LastSwiftUpdateCheck = 1500;
				LastUpgradeCheck = 1500;
				TargetAttributes = {
					71B7851E2BB7FE3D003B4282 = {
						CreatedOnToolsVersion = 15.0;
					};
				};
			};
			buildConfigurationList = 71B7851A2BB7FE3D003B4282 /* Build configuration list for PBXProject "Storage" */;
			compatibilityVersion = "Xcode 14.0";
			developmentRegion = en;
			hasScannedForEncodings = 0;
			knownRegions = (
				en,
				Base,
			);
			mainGroup = 71B785162BB7FE3D003B4282;
			packageReferences = (
				71B785392BB804B1003B4282 /* XCRemoteSwiftPackageReference "KeychainAccess" */,
			);
			productRefGroup = 71B785202BB7FE3D003B4282 /* Products */;
			projectDirPath = "";
			projectRoot = "";
			targets = (
				71B7851E2BB7FE3D003B4282 /* Storage */,
			);
		};
/* End PBXProject section */

/* Begin PBXResourcesBuildPhase section */
		71B7851D2BB7FE3D003B4282 /* Resources */ = {
			isa = PBXResourcesBuildPhase;
			buildActionMask = 2147483647;
			files = (
				71B785322BB7FE3F003B4282 /* LaunchScreen.storyboard in Resources */,
				71B7856A2BB82127003B4282 /* ReservationInsertCell.xib in Resources */,
				71B7852F2BB7FE3F003B4282 /* Assets.xcassets in Resources */,
				71B7852A2BB7FE3E003B4282 /* Main.storyboard in Resources */,
			);
			runOnlyForDeploymentPostprocessing = 0;
		};
/* End PBXResourcesBuildPhase section */

/* Begin PBXSourcesBuildPhase section */
		71B7851B2BB7FE3D003B4282 /* Sources */ = {
			isa = PBXSourcesBuildPhase;
			buildActionMask = 2147483647;
			files = (
				71B785272BB7FE3D003B4282 /* ViewController.swift in Sources */,
				71B7852D2BB7FE3E003B4282 /* Storage.xcdatamodeld in Sources */,
				71B785632BB80A11003B4282 /* CookCreateViewController.swift in Sources */,
				71B785232BB7FE3D003B4282 /* AppDelegate.swift in Sources */,
				71B785252BB7FE3D003B4282 /* SceneDelegate.swift in Sources */,
				71B785692BB82127003B4282 /* ReservationInsertCell.swift in Sources */,
				71B785662BB82077003B4282 /* ReservationViewController.swift in Sources */,
				71B785612BB80A00003B4282 /* CookListViewController.swift in Sources */,
				FB3B51EA2BC0240100206220 /* CookTableViewCell.swift in Sources */,
			);
			runOnlyForDeploymentPostprocessing = 0;
		};
/* End PBXSourcesBuildPhase section */

/* Begin PBXVariantGroup section */
		71B785282BB7FE3E003B4282 /* Main.storyboard */ = {
			isa = PBXVariantGroup;
			children = (
				71B785292BB7FE3E003B4282 /* Base */,
			);
			name = Main.storyboard;
			sourceTree = "<group>";
		};
		71B785302BB7FE3F003B4282 /* LaunchScreen.storyboard */ = {
			isa = PBXVariantGroup;
			children = (
				71B785312BB7FE3F003B4282 /* Base */,
			);
			name = LaunchScreen.storyboard;
			sourceTree = "<group>";
		};
/* End PBXVariantGroup section */

/* Begin XCBuildConfiguration section */
		71B785342BB7FE3F003B4282 /* Debug */ = {
			isa = XCBuildConfiguration;
			buildSettings = {
				ALWAYS_SEARCH_USER_PATHS = NO;
				ASSETCATALOG_COMPILER_GENERATE_SWIFT_ASSET_SYMBOL_EXTENSIONS = YES;
				CLANG_ANALYZER_NONNULL = YES;
				CLANG_ANALYZER_NUMBER_OBJECT_CONVERSION = YES_AGGRESSIVE;
				CLANG_CXX_LANGUAGE_STANDARD = "gnu++20";
				CLANG_ENABLE_MODULES = YES;
				CLANG_ENABLE_OBJC_ARC = YES;
				CLANG_ENABLE_OBJC_WEAK = YES;
				CLANG_WARN_BLOCK_CAPTURE_AUTORELEASING = YES;
				CLANG_WARN_BOOL_CONVERSION = YES;
				CLANG_WARN_COMMA = YES;
				CLANG_WARN_CONSTANT_CONVERSION = YES;
				CLANG_WARN_DEPRECATED_OBJC_IMPLEMENTATIONS = YES;
				CLANG_WARN_DIRECT_OBJC_ISA_USAGE = YES_ERROR;
				CLANG_WARN_DOCUMENTATION_COMMENTS = YES;
				CLANG_WARN_EMPTY_BODY = YES;
				CLANG_WARN_ENUM_CONVERSION = YES;
				CLANG_WARN_INFINITE_RECURSION = YES;
				CLANG_WARN_INT_CONVERSION = YES;
				CLANG_WARN_NON_LITERAL_NULL_CONVERSION = YES;
				CLANG_WARN_OBJC_IMPLICIT_RETAIN_SELF = YES;
				CLANG_WARN_OBJC_LITERAL_CONVERSION = YES;
				CLANG_WARN_OBJC_ROOT_CLASS = YES_ERROR;
				CLANG_WARN_QUOTED_INCLUDE_IN_FRAMEWORK_HEADER = YES;
				CLANG_WARN_RANGE_LOOP_ANALYSIS = YES;
				CLANG_WARN_STRICT_PROTOTYPES = YES;
				CLANG_WARN_SUSPICIOUS_MOVE = YES;
				CLANG_WARN_UNGUARDED_AVAILABILITY = YES_AGGRESSIVE;
				CLANG_WARN_UNREACHABLE_CODE = YES;
				CLANG_WARN__DUPLICATE_METHOD_MATCH = YES;
				COPY_PHASE_STRIP = NO;
				DEBUG_INFORMATION_FORMAT = dwarf;
				ENABLE_STRICT_OBJC_MSGSEND = YES;
				ENABLE_TESTABILITY = YES;
				ENABLE_USER_SCRIPT_SANDBOXING = YES;
				GCC_C_LANGUAGE_STANDARD = gnu17;
				GCC_DYNAMIC_NO_PIC = NO;
				GCC_NO_COMMON_BLOCKS = YES;
				GCC_OPTIMIZATION_LEVEL = 0;
				GCC_PREPROCESSOR_DEFINITIONS = (
					"DEBUG=1",
					"$(inherited)",
				);
				GCC_WARN_64_TO_32_BIT_CONVERSION = YES;
				GCC_WARN_ABOUT_RETURN_TYPE = YES_ERROR;
				GCC_WARN_UNDECLARED_SELECTOR = YES;
				GCC_WARN_UNINITIALIZED_AUTOS = YES_AGGRESSIVE;
				GCC_WARN_UNUSED_FUNCTION = YES;
				GCC_WARN_UNUSED_VARIABLE = YES;
				IPHONEOS_DEPLOYMENT_TARGET = 17.0;
				LOCALIZATION_PREFERS_STRING_CATALOGS = YES;
				MTL_ENABLE_DEBUG_INFO = INCLUDE_SOURCE;
				MTL_FAST_MATH = YES;
				ONLY_ACTIVE_ARCH = YES;
				SDKROOT = iphoneos;
				SWIFT_ACTIVE_COMPILATION_CONDITIONS = "DEBUG $(inherited)";
				SWIFT_OPTIMIZATION_LEVEL = "-Onone";
			};
			name = Debug;
		};
		71B785352BB7FE3F003B4282 /* Release */ = {
			isa = XCBuildConfiguration;
			buildSettings = {
				ALWAYS_SEARCH_USER_PATHS = NO;
				ASSETCATALOG_COMPILER_GENERATE_SWIFT_ASSET_SYMBOL_EXTENSIONS = YES;
				CLANG_ANALYZER_NONNULL = YES;
				CLANG_ANALYZER_NUMBER_OBJECT_CONVERSION = YES_AGGRESSIVE;
				CLANG_CXX_LANGUAGE_STANDARD = "gnu++20";
				CLANG_ENABLE_MODULES = YES;
				CLANG_ENABLE_OBJC_ARC = YES;
				CLANG_ENABLE_OBJC_WEAK = YES;
				CLANG_WARN_BLOCK_CAPTURE_AUTORELEASING = YES;
				CLANG_WARN_BOOL_CONVERSION = YES;
				CLANG_WARN_COMMA = YES;
				CLANG_WARN_CONSTANT_CONVERSION = YES;
				CLANG_WARN_DEPRECATED_OBJC_IMPLEMENTATIONS = YES;
				CLANG_WARN_DIRECT_OBJC_ISA_USAGE = YES_ERROR;
				CLANG_WARN_DOCUMENTATION_COMMENTS = YES;
				CLANG_WARN_EMPTY_BODY = YES;
				CLANG_WARN_ENUM_CONVERSION = YES;
				CLANG_WARN_INFINITE_RECURSION = YES;
				CLANG_WARN_INT_CONVERSION = YES;
				CLANG_WARN_NON_LITERAL_NULL_CONVERSION = YES;
				CLANG_WARN_OBJC_IMPLICIT_RETAIN_SELF = YES;
				CLANG_WARN_OBJC_LITERAL_CONVERSION = YES;
				CLANG_WARN_OBJC_ROOT_CLASS = YES_ERROR;
				CLANG_WARN_QUOTED_INCLUDE_IN_FRAMEWORK_HEADER = YES;
				CLANG_WARN_RANGE_LOOP_ANALYSIS = YES;
				CLANG_WARN_STRICT_PROTOTYPES = YES;
				CLANG_WARN_SUSPICIOUS_MOVE = YES;
				CLANG_WARN_UNGUARDED_AVAILABILITY = YES_AGGRESSIVE;
				CLANG_WARN_UNREACHABLE_CODE = YES;
				CLANG_WARN__DUPLICATE_METHOD_MATCH = YES;
				COPY_PHASE_STRIP = NO;
				DEBUG_INFORMATION_FORMAT = "dwarf-with-dsym";
				ENABLE_NS_ASSERTIONS = NO;
				ENABLE_STRICT_OBJC_MSGSEND = YES;
				ENABLE_USER_SCRIPT_SANDBOXING = YES;
				GCC_C_LANGUAGE_STANDARD = gnu17;
				GCC_NO_COMMON_BLOCKS = YES;
				GCC_WARN_64_TO_32_BIT_CONVERSION = YES;
				GCC_WARN_ABOUT_RETURN_TYPE = YES_ERROR;
				GCC_WARN_UNDECLARED_SELECTOR = YES;
				GCC_WARN_UNINITIALIZED_AUTOS = YES_AGGRESSIVE;
				GCC_WARN_UNUSED_FUNCTION = YES;
				GCC_WARN_UNUSED_VARIABLE = YES;
				IPHONEOS_DEPLOYMENT_TARGET = 17.0;
				LOCALIZATION_PREFERS_STRING_CATALOGS = YES;
				MTL_ENABLE_DEBUG_INFO = NO;
				MTL_FAST_MATH = YES;
				SDKROOT = iphoneos;
				SWIFT_COMPILATION_MODE = wholemodule;
				VALIDATE_PRODUCT = YES;
			};
			name = Release;
		};
		71B785372BB7FE3F003B4282 /* Debug */ = {
			isa = XCBuildConfiguration;
			buildSettings = {
				ASSETCATALOG_COMPILER_APPICON_NAME = AppIcon;
				ASSETCATALOG_COMPILER_GLOBAL_ACCENT_COLOR_NAME = AccentColor;
				CODE_SIGN_STYLE = Automatic;
				CURRENT_PROJECT_VERSION = 1;
				DEVELOPMENT_TEAM = YR973KQ288;
				GENERATE_INFOPLIST_FILE = YES;
				INFOPLIST_FILE = Storage/Info.plist;
				INFOPLIST_KEY_UIApplicationSupportsIndirectInputEvents = YES;
				INFOPLIST_KEY_UILaunchStoryboardName = LaunchScreen;
				INFOPLIST_KEY_UIMainStoryboardFile = Main;
				INFOPLIST_KEY_UISupportedInterfaceOrientations_iPad = "UIInterfaceOrientationPortrait UIInterfaceOrientationPortraitUpsideDown UIInterfaceOrientationLandscapeLeft UIInterfaceOrientationLandscapeRight";
				INFOPLIST_KEY_UISupportedInterfaceOrientations_iPhone = "UIInterfaceOrientationPortrait UIInterfaceOrientationLandscapeLeft UIInterfaceOrientationLandscapeRight";
				LD_RUNPATH_SEARCH_PATHS = (
					"$(inherited)",
					"@executable_path/Frameworks",
				);
				MARKETING_VERSION = 1.0;
				PRODUCT_BUNDLE_IDENTIFIER = com.kerimcaglar.Storage;
				PRODUCT_NAME = "$(TARGET_NAME)";
				SWIFT_EMIT_LOC_STRINGS = YES;
				SWIFT_VERSION = 5.0;
				TARGETED_DEVICE_FAMILY = "1,2";
			};
			name = Debug;
		};
		71B785382BB7FE3F003B4282 /* Release */ = {
			isa = XCBuildConfiguration;
			buildSettings = {
				ASSETCATALOG_COMPILER_APPICON_NAME = AppIcon;
				ASSETCATALOG_COMPILER_GLOBAL_ACCENT_COLOR_NAME = AccentColor;
				CODE_SIGN_STYLE = Automatic;
				CURRENT_PROJECT_VERSION = 1;
				DEVELOPMENT_TEAM = YR973KQ288;
				GENERATE_INFOPLIST_FILE = YES;
				INFOPLIST_FILE = Storage/Info.plist;
				INFOPLIST_KEY_UIApplicationSupportsIndirectInputEvents = YES;
				INFOPLIST_KEY_UILaunchStoryboardName = LaunchScreen;
				INFOPLIST_KEY_UIMainStoryboardFile = Main;
				INFOPLIST_KEY_UISupportedInterfaceOrientations_iPad = "UIInterfaceOrientationPortrait UIInterfaceOrientationPortraitUpsideDown UIInterfaceOrientationLandscapeLeft UIInterfaceOrientationLandscapeRight";
				INFOPLIST_KEY_UISupportedInterfaceOrientations_iPhone = "UIInterfaceOrientationPortrait UIInterfaceOrientationLandscapeLeft UIInterfaceOrientationLandscapeRight";
				LD_RUNPATH_SEARCH_PATHS = (
					"$(inherited)",
					"@executable_path/Frameworks",
				);
				MARKETING_VERSION = 1.0;
				PRODUCT_BUNDLE_IDENTIFIER = com.kerimcaglar.Storage;
				PRODUCT_NAME = "$(TARGET_NAME)";
				SWIFT_EMIT_LOC_STRINGS = YES;
				SWIFT_VERSION = 5.0;
				TARGETED_DEVICE_FAMILY = "1,2";
			};
			name = Release;
		};
/* End XCBuildConfiguration section */

/* Begin XCConfigurationList section */
		71B7851A2BB7FE3D003B4282 /* Build configuration list for PBXProject "Storage" */ = {
			isa = XCConfigurationList;
			buildConfigurations = (
				71B785342BB7FE3F003B4282 /* Debug */,
				71B785352BB7FE3F003B4282 /* Release */,
			);
			defaultConfigurationIsVisible = 0;
			defaultConfigurationName = Release;
		};
		71B785362BB7FE3F003B4282 /* Build configuration list for PBXNativeTarget "Storage" */ = {
			isa = XCConfigurationList;
			buildConfigurations = (
				71B785372BB7FE3F003B4282 /* Debug */,
				71B785382BB7FE3F003B4282 /* Release */,
			);
			defaultConfigurationIsVisible = 0;
			defaultConfigurationName = Release;
		};
/* End XCConfigurationList section */

/* Begin XCRemoteSwiftPackageReference section */
		71B785392BB804B1003B4282 /* XCRemoteSwiftPackageReference "KeychainAccess" */ = {
			isa = XCRemoteSwiftPackageReference;
			repositoryURL = "https://github.com/kishikawakatsumi/KeychainAccess";
			requirement = {
				branch = master;
				kind = branch;
			};
		};
/* End XCRemoteSwiftPackageReference section */

/* Begin XCSwiftPackageProductDependency section */
		71B7853A2BB804B1003B4282 /* KeychainAccess */ = {
			isa = XCSwiftPackageProductDependency;
			package = 71B785392BB804B1003B4282 /* XCRemoteSwiftPackageReference "KeychainAccess" */;
			productName = KeychainAccess;
		};
/* End XCSwiftPackageProductDependency section */

/* Begin XCVersionGroup section */
		71B7852B2BB7FE3E003B4282 /* Storage.xcdatamodeld */ = {
			isa = XCVersionGroup;
			children = (
				71B7852C2BB7FE3E003B4282 /* Storage.xcdatamodel */,
			);
			currentVersion = 71B7852C2BB7FE3E003B4282 /* Storage.xcdatamodel */;
			path = Storage.xcdatamodeld;
			sourceTree = "<group>";
			versionGroupType = wrapper.xcdatamodel;
		};
/* End XCVersionGroup section */
	};
	rootObject = 71B785172BB7FE3D003B4282 /* Project object */;
}
